// !$*UTF8*$!
{
	archiveVersion = 1;
	classes = {
	};
	objectVersion = 50;
	objects = {

/* Begin PBXBuildFile section */
		B6474F482705ED310033F051 /* AppDelegate.swift in Sources */ = {isa = PBXBuildFile; fileRef = B6474F472705ED310033F051 /* AppDelegate.swift */; };
		B6474F4A2705ED310033F051 /* SceneDelegate.swift in Sources */ = {isa = PBXBuildFile; fileRef = B6474F492705ED310033F051 /* SceneDelegate.swift */; };
		B6474F4C2705ED310033F051 /* ViewController.swift in Sources */ = {isa = PBXBuildFile; fileRef = B6474F4B2705ED310033F051 /* ViewController.swift */; };
		B6474F4F2705ED310033F051 /* Main.storyboard in Resources */ = {isa = PBXBuildFile; fileRef = B6474F4D2705ED310033F051 /* Main.storyboard */; };
		B6474F522705ED310033F051 /* Burger.xcdatamodeld in Sources */ = {isa = PBXBuildFile; fileRef = B6474F502705ED310033F051 /* Burger.xcdatamodeld */; };
		B6474F542705ED320033F051 /* Assets.xcassets in Resources */ = {isa = PBXBuildFile; fileRef = B6474F532705ED320033F051 /* Assets.xcassets */; };
		B6474F572705ED320033F051 /* LaunchScreen.storyboard in Resources */ = {isa = PBXBuildFile; fileRef = B6474F552705ED320033F051 /* LaunchScreen.storyboard */; };
		CECB875C270E305F00D1177A /* Burger.swift in Sources */ = {isa = PBXBuildFile; fileRef = CECB875B270E305F00D1177A /* Burger.swift */; };
/* End PBXBuildFile section */

/* Begin PBXFileReference section */
		B6474F442705ED310033F051 /* Burger.app */ = {isa = PBXFileReference; explicitFileType = wrapper.application; includeInIndex = 0; path = Burger.app; sourceTree = BUILT_PRODUCTS_DIR; };
		B6474F472705ED310033F051 /* AppDelegate.swift */ = {isa = PBXFileReference; lastKnownFileType = sourcecode.swift; path = AppDelegate.swift; sourceTree = "<group>"; };
		B6474F492705ED310033F051 /* SceneDelegate.swift */ = {isa = PBXFileReference; lastKnownFileType = sourcecode.swift; path = SceneDelegate.swift; sourceTree = "<group>"; };
		B6474F4B2705ED310033F051 /* ViewController.swift */ = {isa = PBXFileReference; lastKnownFileType = sourcecode.swift; path = ViewController.swift; sourceTree = "<group>"; };
		B6474F4E2705ED310033F051 /* Base */ = {isa = PBXFileReference; lastKnownFileType = file.storyboard; name = Base; path = Base.lproj/Main.storyboard; sourceTree = "<group>"; };
		B6474F512705ED310033F051 /* Burger.xcdatamodel */ = {isa = PBXFileReference; lastKnownFileType = wrapper.xcdatamodel; path = Burger.xcdatamodel; sourceTree = "<group>"; };
		B6474F532705ED320033F051 /* Assets.xcassets */ = {isa = PBXFileReference; lastKnownFileType = folder.assetcatalog; path = Assets.xcassets; sourceTree = "<group>"; };
		B6474F562705ED320033F051 /* Base */ = {isa = PBXFileReference; lastKnownFileType = file.storyboard; name = Base; path = Base.lproj/LaunchScreen.storyboard; sourceTree = "<group>"; };
		B6474F582705ED320033F051 /* Info.plist */ = {isa = PBXFileReference; lastKnownFileType = text.plist.xml; path = Info.plist; sourceTree = "<group>"; };
		CECB875B270E305F00D1177A /* Burger.swift */ = {isa = PBXFileReference; lastKnownFileType = sourcecode.swift; path = Burger.swift; sourceTree = "<group>"; };
/* End PBXFileReference section */

/* Begin PBXFrameworksBuildPhase section */
		B6474F412705ED310033F051 /* Frameworks */ = {
			isa = PBXFrameworksBuildPhase;
			buildActionMask = 2147483647;
			files = (
			);
			runOnlyForDeploymentPostprocessing = 0;
		};
/* End PBXFrameworksBuildPhase section */

/* Begin PBXGroup section */
		B6474F3B2705ED310033F051 = {
			isa = PBXGroup;
			children = (
				B6474F462705ED310033F051 /* Burger */,
				B6474F452705ED310033F051 /* Products */,
			);
			sourceTree = "<group>";
		};
		B6474F452705ED310033F051 /* Products */ = {
			isa = PBXGroup;
			children = (
				B6474F442705ED310033F051 /* Burger.app */,
			);
			name = Products;
			sourceTree = "<group>";
		};
		B6474F462705ED310033F051 /* Burger */ = {
			isa = PBXGroup;
			children = (
				B6474F472705ED310033F051 /* AppDelegate.swift */,
				B6474F492705ED310033F051 /* SceneDelegate.swift */,
				B6474F4B2705ED310033F051 /* ViewController.swift */,
				B6474F4D2705ED310033F051 /* Main.storyboard */,
				CECB875B270E305F00D1177A /* Burger.swift */,
				B6474F532705ED320033F051 /* Assets.xcassets */,
				B6474F552705ED320033F051 /* LaunchScreen.storyboard */,
				B6474F582705ED320033F051 /* Info.plist */,
				B6474F502705ED310033F051 /* Burger.xcdatamodeld */,
			);
			path = Burger;
			sourceTree = "<group>";
		};
/* End PBXGroup section */

/* Begin PBXNativeTarget section */
		B6474F432705ED310033F051 /* Burger */ = {
			isa = PBXNativeTarget;
			buildConfigurationList = B6474F5B2705ED320033F051 /* Build configuration list for PBXNativeTarget "Burger" */;
			buildPhases = (
				B6474F402705ED310033F051 /* Sources */,
				B6474F412705ED310033F051 /* Frameworks */,
				B6474F422705ED310033F051 /* Resources */,
			);
			buildRules = (
			);
			dependencies = (
			);
			name = Burger;
			productName = Burger;
			productReference = B6474F442705ED310033F051 /* Burger.app */;
			productType = "com.apple.product-type.application";
		};
/* End PBXNativeTarget section */

/* Begin PBXProject section */
		B6474F3C2705ED310033F051 /* Project object */ = {
			isa = PBXProject;
			attributes = {
				LastSwiftUpdateCheck = 1250;
				LastUpgradeCheck = 1250;
				TargetAttributes = {
					B6474F432705ED310033F051 = {
						CreatedOnToolsVersion = 12.5.1;
					};
				};
			};
			buildConfigurationList = B6474F3F2705ED310033F051 /* Build configuration list for PBXProject "Burger" */;
			compatibilityVersion = "Xcode 9.3";
			developmentRegion = en;
			hasScannedForEncodings = 0;
			knownRegions = (
				en,
				Base,
			);
			mainGroup = B6474F3B2705ED310033F051;
			productRefGroup = B6474F452705ED310033F051 /* Products */;
			projectDirPath = "";
			projectRoot = "";
			targets = (
				B6474F432705ED310033F051 /* Burger */,
			);
		};
/* End PBXProject section */

/* Begin PBXResourcesBuildPhase section */
		B6474F422705ED310033F051 /* Resources */ = {
			isa = PBXResourcesBuildPhase;
			buildActionMask = 2147483647;
			files = (
				B6474F572705ED320033F051 /* LaunchScreen.storyboard in Resources */,
				B6474F542705ED320033F051 /* Assets.xcassets in Resources */,
				B6474F4F2705ED310033F051 /* Main.storyboard in Resources */,
			);
			runOnlyForDeploymentPostprocessing = 0;
		};
/* End PBXResourcesBuildPhase section */

/* Begin PBXSourcesBuildPhase section */
		B6474F402705ED310033F051 /* Sources */ = {
			isa = PBXSourcesBuildPhase;
			buildActionMask = 2147483647;
			files = (
				B6474F4C2705ED310033F051 /* ViewController.swift in Sources */,
				CECB875C270E305F00D1177A /* Burger.swift in Sources */,
				B6474F482705ED310033F051 /* AppDelegate.swift in Sources */,
				B6474F522705ED310033F051 /* Burger.xcdatamodeld in Sources */,
				B6474F4A2705ED310033F051 /* SceneDelegate.swift in Sources */,
			);
			runOnlyForDeploymentPostprocessing = 0;
		};
/* End PBXSourcesBuildPhase section */

/* Begin PBXVariantGroup section */
		B6474F4D2705ED310033F051 /* Main.storyboard */ = {
			isa = PBXVariantGroup;
			children = (
				B6474F4E2705ED310033F051 /* Base */,
			);
			name = Main.storyboard;
			sourceTree = "<group>";
		};
		B6474F552705ED320033F051 /* LaunchScreen.storyboard */ = {
			isa = PBXVariantGroup;
			children = (
				B6474F562705ED320033F051 /* Base */,
			);
			name = LaunchScreen.storyboard;
			sourceTree = "<group>";
		};
/* End PBXVariantGroup section */

/* Begin XCBuildConfiguration section */
		B6474F592705ED320033F051 /* Debug */ = {
			isa = XCBuildConfiguration;
			buildSettings = {
				ALWAYS_SEARCH_USER_PATHS = NO;
				CLANG_ANALYZER_NONNULL = YES;
				CLANG_ANALYZER_NUMBER_OBJECT_CONVERSION = YES_AGGRESSIVE;
				CLANG_CXX_LANGUAGE_STANDARD = "gnu++14";
				CLANG_CXX_LIBRARY = "libc++";
				CLANG_ENABLE_MODULES = YES;
				CLANG_ENABLE_OBJC_ARC = YES;
				CLANG_ENABLE_OBJC_WEAK = YES;
				CLANG_WARN_BLOCK_CAPTURE_AUTORELEASING = YES;
				CLANG_WARN_BOOL_CONVERSION = YES;
				CLANG_WARN_COMMA = YES;
				CLANG_WARN_CONSTANT_CONVERSION = YES;
				CLANG_WARN_DEPRECATED_OBJC_IMPLEMENTATIONS = YES;
				CLANG_WARN_DIRECT_OBJC_ISA_USAGE = YES_ERROR;
				CLANG_WARN_DOCUMENTATION_COMMENTS = YES;
				CLANG_WARN_EMPTY_BODY = YES;
				CLANG_WARN_ENUM_CONVERSION = YES;
				CLANG_WARN_INFINITE_RECURSION = YES;
				CLANG_WARN_INT_CONVERSION = YES;
				CLANG_WARN_NON_LITERAL_NULL_CONVERSION = YES;
				CLANG_WARN_OBJC_IMPLICIT_RETAIN_SELF = YES;
				CLANG_WARN_OBJC_LITERAL_CONVERSION = YES;
				CLANG_WARN_OBJC_ROOT_CLASS = YES_ERROR;
				CLANG_WARN_QUOTED_INCLUDE_IN_FRAMEWORK_HEADER = YES;
				CLANG_WARN_RANGE_LOOP_ANALYSIS = YES;
				CLANG_WARN_STRICT_PROTOTYPES = YES;
				CLANG_WARN_SUSPICIOUS_MOVE = YES;
				CLANG_WARN_UNGUARDED_AVAILABILITY = YES_AGGRESSIVE;
				CLANG_WARN_UNREACHABLE_CODE = YES;
				CLANG_WARN__DUPLICATE_METHOD_MATCH = YES;
				COPY_PHASE_STRIP = NO;
				DEBUG_INFORMATION_FORMAT = dwarf;
				ENABLE_STRICT_OBJC_MSGSEND = YES;
				ENABLE_TESTABILITY = YES;
				GCC_C_LANGUAGE_STANDARD = gnu11;
				GCC_DYNAMIC_NO_PIC = NO;
				GCC_NO_COMMON_BLOCKS = YES;
				GCC_OPTIMIZATION_LEVEL = 0;
				GCC_PREPROCESSOR_DEFINITIONS = (
					"DEBUG=1",
					"$(inherited)",
				);
				GCC_WARN_64_TO_32_BIT_CONVERSION = YES;
				GCC_WARN_ABOUT_RETURN_TYPE = YES_ERROR;
				GCC_WARN_UNDECLARED_SELECTOR = YES;
				GCC_WARN_UNINITIALIZED_AUTOS = YES_AGGRESSIVE;
				GCC_WARN_UNUSED_FUNCTION = YES;
				GCC_WARN_UNUSED_VARIABLE = YES;
				IPHONEOS_DEPLOYMENT_TARGET = 14.5;
				MTL_ENABLE_DEBUG_INFO = INCLUDE_SOURCE;
				MTL_FAST_MATH = YES;
				ONLY_ACTIVE_ARCH = YES;
				SDKROOT = iphoneos;
				SWIFT_ACTIVE_COMPILATION_CONDITIONS = DEBUG;
				SWIFT_OPTIMIZATION_LEVEL = "-Onone";
			};
			name = Debug;
		};
		B6474F5A2705ED320033F051 /* Release */ = {
			isa = XCBuildConfiguration;
			buildSettings = {
				ALWAYS_SEARCH_USER_PATHS = NO;
				CLANG_ANALYZER_NONNULL = YES;
				CLANG_ANALYZER_NUMBER_OBJECT_CONVERSION = YES_AGGRESSIVE;
				CLANG_CXX_LANGUAGE_STANDARD = "gnu++14";
				CLANG_CXX_LIBRARY = "libc++";
				CLANG_ENABLE_MODULES = YES;
				CLANG_ENABLE_OBJC_ARC = YES;
				CLANG_ENABLE_OBJC_WEAK = YES;
				CLANG_WARN_BLOCK_CAPTURE_AUTORELEASING = YES;
				CLANG_WARN_BOOL_CONVERSION = YES;
				CLANG_WARN_COMMA = YES;
				CLANG_WARN_CONSTANT_CONVERSION = YES;
				CLANG_WARN_DEPRECATED_OBJC_IMPLEMENTATIONS = YES;
				CLANG_WARN_DIRECT_OBJC_ISA_USAGE = YES_ERROR;
				CLANG_WARN_DOCUMENTATION_COMMENTS = YES;
				CLANG_WARN_EMPTY_BODY = YES;
				CLANG_WARN_ENUM_CONVERSION = YES;
				CLANG_WARN_INFINITE_RECURSION = YES;
				CLANG_WARN_INT_CONVERSION = YES;
				CLANG_WARN_NON_LITERAL_NULL_CONVERSION = YES;
				CLANG_WARN_OBJC_IMPLICIT_RETAIN_SELF = YES;
				CLANG_WARN_OBJC_LITERAL_CONVERSION = YES;
				CLANG_WARN_OBJC_ROOT_CLASS = YES_ERROR;
				CLANG_WARN_QUOTED_INCLUDE_IN_FRAMEWORK_HEADER = YES;
				CLANG_WARN_RANGE_LOOP_ANALYSIS = YES;
				CLANG_WARN_STRICT_PROTOTYPES = YES;
				CLANG_WARN_SUSPICIOUS_MOVE = YES;
				CLANG_WARN_UNGUARDED_AVAILABILITY = YES_AGGRESSIVE;
				CLANG_WARN_UNREACHABLE_CODE = YES;
				CLANG_WARN__DUPLICATE_METHOD_MATCH = YES;
				COPY_PHASE_STRIP = NO;
				DEBUG_INFORMATION_FORMAT = "dwarf-with-dsym";
				ENABLE_NS_ASSERTIONS = NO;
				ENABLE_STRICT_OBJC_MSGSEND = YES;
				GCC_C_LANGUAGE_STANDARD = gnu11;
				GCC_NO_COMMON_BLOCKS = YES;
				GCC_WARN_64_TO_32_BIT_CONVERSION = YES;
				GCC_WARN_ABOUT_RETURN_TYPE = YES_ERROR;
				GCC_WARN_UNDECLARED_SELECTOR = YES;
				GCC_WARN_UNINITIALIZED_AUTOS = YES_AGGRESSIVE;
				GCC_WARN_UNUSED_FUNCTION = YES;
				GCC_WARN_UNUSED_VARIABLE = YES;
				IPHONEOS_DEPLOYMENT_TARGET = 14.5;
				MTL_ENABLE_DEBUG_INFO = NO;
				MTL_FAST_MATH = YES;
				SDKROOT = iphoneos;
				SWIFT_COMPILATION_MODE = wholemodule;
				SWIFT_OPTIMIZATION_LEVEL = "-O";
				VALIDATE_PRODUCT = YES;
			};
			name = Release;
		};
		B6474F5C2705ED320033F051 /* Debug */ = {
			isa = XCBuildConfiguration;
			buildSettings = {
				ASSETCATALOG_COMPILER_APPICON_NAME = AppIcon;
				ASSETCATALOG_COMPILER_GLOBAL_ACCENT_COLOR_NAME = AccentColor;
				CODE_SIGN_STYLE = Automatic;
				DEVELOPMENT_TEAM = PVK3WGSZ4A;
				INFOPLIST_FILE = Burger/Info.plist;
				LD_RUNPATH_SEARCH_PATHS = (
					"$(inherited)",
					"@executable_path/Frameworks",
				);
				PRODUCT_BUNDLE_IDENTIFIER = CLC.Burger;
				PRODUCT_NAME = "$(TARGET_NAME)";
				SWIFT_VERSION = 5.0;
				TARGETED_DEVICE_FAMILY = "1,2";
			};
			name = Debug;
		};
		B6474F5D2705ED320033F051 /* Release */ = {
			isa = XCBuildConfiguration;
			buildSettings = {
				ASSETCATALOG_COMPILER_APPICON_NAME = AppIcon;
				ASSETCATALOG_COMPILER_GLOBAL_ACCENT_COLOR_NAME = AccentColor;
				CODE_SIGN_STYLE = Automatic;
				DEVELOPMENT_TEAM = PVK3WGSZ4A;
				INFOPLIST_FILE = Burger/Info.plist;
				LD_RUNPATH_SEARCH_PATHS = (
					"$(inherited)",
					"@executable_path/Frameworks",
				);
				PRODUCT_BUNDLE_IDENTIFIER = CLC.Burger;
				PRODUCT_NAME = "$(TARGET_NAME)";
				SWIFT_VERSION = 5.0;
				TARGETED_DEVICE_FAMILY = "1,2";
			};
			name = Release;
		};
/* End XCBuildConfiguration section */

/* Begin XCConfigurationList section */
		B6474F3F2705ED310033F051 /* Build configuration list for PBXProject "Burger" */ = {
			isa = XCConfigurationList;
			buildConfigurations = (
				B6474F592705ED320033F051 /* Debug */,
				B6474F5A2705ED320033F051 /* Release */,
			);
			defaultConfigurationIsVisible = 0;
			defaultConfigurationName = Release;
		};
		B6474F5B2705ED320033F051 /* Build configuration list for PBXNativeTarget "Burger" */ = {
			isa = XCConfigurationList;
			buildConfigurations = (
				B6474F5C2705ED320033F051 /* Debug */,
				B6474F5D2705ED320033F051 /* Release */,
			);
			defaultConfigurationIsVisible = 0;
			defaultConfigurationName = Release;
		};
/* End XCConfigurationList section */

/* Begin XCVersionGroup section */
		B6474F502705ED310033F051 /* Burger.xcdatamodeld */ = {
			isa = XCVersionGroup;
			children = (
				B6474F512705ED310033F051 /* Burger.xcdatamodel */,
			);
			currentVersion = B6474F512705ED310033F051 /* Burger.xcdatamodel */;
			path = Burger.xcdatamodeld;
			sourceTree = "<group>";
			versionGroupType = wrapper.xcdatamodel;
		};
/* End XCVersionGroup section */
	};
	rootObject = B6474F3C2705ED310033F051 /* Project object */;
}
